Microsoft Visual Studio Solution File, Format Version 12.00
# Visual Studio Version 16
VisualStudioVersion = 16.0.33130.400
MinimumVisualStudioVersion = 10.0.40219.1
Project("{2150E333-8FDC-42A3-9474-1A3956D46DE8}") = "demos", "demos", "{DF9AE26E-416E-4AF6-B245-D2BC28BB3480}"
EndProject
Project("{FAE04EC0-301F-11D3-BF4B-00C04F79EFBC}") = "SDataClientApp", "demos\SDataClientApp\SDataClientApp.csproj", "{908FFE7B-070B-41FC-8D3E-B0FEAE1AB972}"
EndProject
Project("{FAE04EC0-301F-11D3-BF4B-00C04F79EFBC}") = "SlxFileBrowser", "demos\SlxFileBrowser\SlxFileBrowser.csproj", "{4625AC10-022D-4362-9B69-4B17F3A1239C}"
EndProject
Project("{FAE04EC0-301F-11D3-BF4B-00C04F79EFBC}") = "SlxJobScheduler", "demos\SlxJobScheduler\SlxJobScheduler.csproj", "{5CC2002C-8D4A-47F3-847C-3C8EAF485C36}"
EndProject
Project("{FAE04EC0-301F-11D3-BF4B-00C04F79EFBC}") = "Saleslogix.SData.Client_3_5", "Saleslogix.SData.Client\Saleslogix.SData.Client_3_5.csproj", "{590B03D1-FC26-4AFD-98F8-421E6E8DDBA8}"
	ProjectSection(ProjectDependencies) = postProject
		{CAD51DA5-A6D2-4BFC-9D81-23F4F474615B} = {CAD51DA5-A6D2-4BFC-9D81-23F4F474615B}
	EndProjectSection
EndProject
Project("{FAE04EC0-301F-11D3-BF4B-00C04F79EFBC}") = "Saleslogix.SData.Client_2_0", "Saleslogix.SData.Client\Saleslogix.SData.Client_2_0.csproj", "{CAD51DA5-A6D2-4BFC-9D81-23F4F474615B}"
EndProject
Project("{FAE04EC0-301F-11D3-BF4B-00C04F79EFBC}") = "Saleslogix.SData.Client.Test_4_0", "Saleslogix.SData.Client.Test\Saleslogix.SData.Client.Test_4_0.csproj", "{92C27580-82D9-46FC-8E4A-9B75E6FF6C2B}"
	ProjectSection(ProjectDependencies) = postProject
		{023CCD73-35A5-44C2-8435-0CC1F34E81F5} = {023CCD73-35A5-44C2-8435-0CC1F34E81F5}
		{FEECA9B9-980E-470F-81BA-C56ABD8D520E} = {FEECA9B9-980E-470F-81BA-C56ABD8D520E}
	EndProjectSection
EndProject
Project("{FAE04EC0-301F-11D3-BF4B-00C04F79EFBC}") = "Saleslogix.SData.Client_4_0", "Saleslogix.SData.Client\Saleslogix.SData.Client_4_0.csproj", "{FEECA9B9-980E-470F-81BA-C56ABD8D520E}"
	ProjectSection(ProjectDependencies) = postProject
		{590B03D1-FC26-4AFD-98F8-421E6E8DDBA8} = {590B03D1-FC26-4AFD-98F8-421E6E8DDBA8}
	EndProjectSection
EndProject
Project("{FAE04EC0-301F-11D3-BF4B-00C04F79EFBC}") = "Saleslogix.SData.Client.Test_3_5", "Saleslogix.SData.Client.Test\Saleslogix.SData.Client.Test_3_5.csproj", "{023CCD73-35A5-44C2-8435-0CC1F34E81F5}"
	ProjectSection(ProjectDependencies) = postProject
		{67908AD0-7889-4410-A577-37AA8C0A7814} = {67908AD0-7889-4410-A577-37AA8C0A7814}
	EndProjectSection
EndProject
Project("{FAE04EC0-301F-11D3-BF4B-00C04F79EFBC}") = "Saleslogix.SData.Client_PCL", "Saleslogix.SData.Client\Saleslogix.SData.Client_PCL.csproj", "{0F05ED59-0037-4316-8137-9742C3D3C74A}"
EndProject
Project("{FAE04EC0-301F-11D3-BF4B-00C04F79EFBC}") = "Saleslogix.SData.Client.Test_2_0", "Saleslogix.SData.Client.Test\Saleslogix.SData.Client.Test_2_0.csproj", "{67908AD0-7889-4410-A577-37AA8C0A7814}"
EndProject
Project("{FAE04EC0-301F-11D3-BF4B-00C04F79EFBC}") = "Saleslogix.SData.Client.Test_PCL", "Saleslogix.SData.Client.Test\Saleslogix.SData.Client.Test_PCL.csproj", "{54482AFA-A025-4D06-8360-74BEC4A84584}"
EndProject
Global
	GlobalSection(SolutionConfigurationPlatforms) = preSolution
		Debug|Any CPU = Debug|Any CPU
		Debug|ARM = Debug|ARM
		Debug|x64 = Debug|x64
		Debug|x86 = Debug|x86
		Release|Any CPU = Release|Any CPU
		Release|ARM = Release|ARM
		Release|x64 = Release|x64
		Release|x86 = Release|x86
	EndGlobalSection
	GlobalSection(ProjectConfigurationPlatforms) = postSolution
		{908FFE7B-070B-41FC-8D3E-B0FEAE1AB972}.Debug|Any CPU.ActiveCfg = Debug|Any CPU
		{908FFE7B-070B-41FC-8D3E-B0FEAE1AB972}.Debug|Any CPU.Build.0 = Debug|Any CPU
		{908FFE7B-070B-41FC-8D3E-B0FEAE1AB972}.Debug|ARM.ActiveCfg = Debug|Any CPU
		{908FFE7B-070B-41FC-8D3E-B0FEAE1AB972}.Debug|x64.ActiveCfg = Debug|Any CPU
		{908FFE7B-070B-41FC-8D3E-B0FEAE1AB972}.Debug|x86.ActiveCfg = Debug|Any CPU
		{908FFE7B-070B-41FC-8D3E-B0FEAE1AB972}.Release|Any CPU.ActiveCfg = Release|Any CPU
		{908FFE7B-070B-41FC-8D3E-B0FEAE1AB972}.Release|Any CPU.Build.0 = Release|Any CPU
		{908FFE7B-070B-41FC-8D3E-B0FEAE1AB972}.Release|ARM.ActiveCfg = Release|Any CPU
		{908FFE7B-070B-41FC-8D3E-B0FEAE1AB972}.Release|x64.ActiveCfg = Release|Any CPU
		{908FFE7B-070B-41FC-8D3E-B0FEAE1AB972}.Release|x86.ActiveCfg = Release|Any CPU
		{4625AC10-022D-4362-9B69-4B17F3A1239C}.Debug|Any CPU.ActiveCfg = Debug|Any CPU
		{4625AC10-022D-4362-9B69-4B17F3A1239C}.Debug|Any CPU.Build.0 = Debug|Any CPU
		{4625AC10-022D-4362-9B69-4B17F3A1239C}.Debug|ARM.ActiveCfg = Debug|Any CPU
		{4625AC10-022D-4362-9B69-4B17F3A1239C}.Debug|x64.ActiveCfg = Debug|Any CPU
		{4625AC10-022D-4362-9B69-4B17F3A1239C}.Debug|x86.ActiveCfg = Debug|Any CPU
		{4625AC10-022D-4362-9B69-4B17F3A1239C}.Release|Any CPU.ActiveCfg = Release|Any CPU
		{4625AC10-022D-4362-9B69-4B17F3A1239C}.Release|Any CPU.Build.0 = Release|Any CPU
		{4625AC10-022D-4362-9B69-4B17F3A1239C}.Release|ARM.ActiveCfg = Release|Any CPU
		{4625AC10-022D-4362-9B69-4B17F3A1239C}.Release|x64.ActiveCfg = Release|Any CPU
		{4625AC10-022D-4362-9B69-4B17F3A1239C}.Release|x86.ActiveCfg = Release|Any CPU
		{5CC2002C-8D4A-47F3-847C-3C8EAF485C36}.Debug|Any CPU.ActiveCfg = Debug|Any CPU
		{5CC2002C-8D4A-47F3-847C-3C8EAF485C36}.Debug|Any CPU.Build.0 = Debug|Any CPU
		{5CC2002C-8D4A-47F3-847C-3C8EAF485C36}.Debug|ARM.ActiveCfg = Debug|Any CPU
		{5CC2002C-8D4A-47F3-847C-3C8EAF485C36}.Debug|x64.ActiveCfg = Debug|Any CPU
		{5CC2002C-8D4A-47F3-847C-3C8EAF485C36}.Debug|x86.ActiveCfg = Debug|Any CPU
		{5CC2002C-8D4A-47F3-847C-3C8EAF485C36}.Release|Any CPU.ActiveCfg = Release|Any CPU
		{5CC2002C-8D4A-47F3-847C-3C8EAF485C36}.Release|Any CPU.Build.0 = Release|Any CPU
		{5CC2002C-8D4A-47F3-847C-3C8EAF485C36}.Release|ARM.ActiveCfg = Release|Any CPU
		{5CC2002C-8D4A-47F3-847C-3C8EAF485C36}.Release|x64.ActiveCfg = Release|Any CPU
		{5CC2002C-8D4A-47F3-847C-3C8EAF485C36}.Release|x86.ActiveCfg = Release|Any CPU
		{590B03D1-FC26-4AFD-98F8-421E6E8DDBA8}.Debug|Any CPU.ActiveCfg = Debug|Any CPU
		{590B03D1-FC26-4AFD-98F8-421E6E8DDBA8}.Debug|Any CPU.Build.0 = Debug|Any CPU
		{590B03D1-FC26-4AFD-98F8-421E6E8DDBA8}.Debug|ARM.ActiveCfg = Debug|Any CPU
		{590B03D1-FC26-4AFD-98F8-421E6E8DDBA8}.Debug|x64.ActiveCfg = Debug|Any CPU
		{590B03D1-FC26-4AFD-98F8-421E6E8DDBA8}.Debug|x86.ActiveCfg = Debug|Any CPU
		{590B03D1-FC26-4AFD-98F8-421E6E8DDBA8}.Release|Any CPU.ActiveCfg = Release|Any CPU
		{590B03D1-FC26-4AFD-98F8-421E6E8DDBA8}.Release|Any CPU.Build.0 = Release|Any CPU
		{590B03D1-FC26-4AFD-98F8-421E6E8DDBA8}.Release|ARM.ActiveCfg = Release|Any CPU
		{590B03D1-FC26-4AFD-98F8-421E6E8DDBA8}.Release|x64.ActiveCfg = Release|Any CPU
		{590B03D1-FC26-4AFD-98F8-421E6E8DDBA8}.Release|x86.ActiveCfg = Release|Any CPU
		{CAD51DA5-A6D2-4BFC-9D81-23F4F474615B}.Debug|Any CPU.ActiveCfg = Debug|Any CPU
		{CAD51DA5-A6D2-4BFC-9D81-23F4F474615B}.Debug|Any CPU.Build.0 = Debug|Any CPU
		{CAD51DA5-A6D2-4BFC-9D81-23F4F474615B}.Debug|ARM.ActiveCfg = Debug|Any CPU
		{CAD51DA5-A6D2-4BFC-9D81-23F4F474615B}.Debug|x64.ActiveCfg = Debug|Any CPU
		{CAD51DA5-A6D2-4BFC-9D81-23F4F474615B}.Debug|x86.ActiveCfg = Debug|Any CPU
		{CAD51DA5-A6D2-4BFC-9D81-23F4F474615B}.Release|Any CPU.ActiveCfg = Release|Any CPU
		{CAD51DA5-A6D2-4BFC-9D81-23F4F474615B}.Release|Any CPU.Build.0 = Release|Any CPU
		{CAD51DA5-A6D2-4BFC-9D81-23F4F474615B}.Release|ARM.ActiveCfg = Release|Any CPU
		{CAD51DA5-A6D2-4BFC-9D81-23F4F474615B}.Release|x64.ActiveCfg = Release|Any CPU
		{CAD51DA5-A6D2-4BFC-9D81-23F4F474615B}.Release|x86.ActiveCfg = Release|Any CPU
		{92C27580-82D9-46FC-8E4A-9B75E6FF6C2B}.Debug|Any CPU.ActiveCfg = Debug|Any CPU
		{92C27580-82D9-46FC-8E4A-9B75E6FF6C2B}.Debug|Any CPU.Build.0 = Debug|Any CPU
		{92C27580-82D9-46FC-8E4A-9B75E6FF6C2B}.Debug|ARM.ActiveCfg = Debug|Any CPU
		{92C27580-82D9-46FC-8E4A-9B75E6FF6C2B}.Debug|x64.ActiveCfg = Debug|Any CPU
		{92C27580-82D9-46FC-8E4A-9B75E6FF6C2B}.Debug|x86.ActiveCfg = Debug|Any CPU
		{92C27580-82D9-46FC-8E4A-9B75E6FF6C2B}.Release|Any CPU.ActiveCfg = Release|Any CPU
		{92C27580-82D9-46FC-8E4A-9B75E6FF6C2B}.Release|Any CPU.Build.0 = Release|Any CPU
		{92C27580-82D9-46FC-8E4A-9B75E6FF6C2B}.Release|ARM.ActiveCfg = Release|Any CPU
		{92C27580-82D9-46FC-8E4A-9B75E6FF6C2B}.Release|x64.ActiveCfg = Release|Any CPU
		{92C27580-82D9-46FC-8E4A-9B75E6FF6C2B}.Release|x86.ActiveCfg = Release|Any CPU
		{FEECA9B9-980E-470F-81BA-C56ABD8D520E}.Debug|Any CPU.ActiveCfg = Debug|Any CPU
		{FEECA9B9-980E-470F-81BA-C56ABD8D520E}.Debug|Any CPU.Build.0 = Debug|Any CPU
		{FEECA9B9-980E-470F-81BA-C56ABD8D520E}.Debug|ARM.ActiveCfg = Debug|Any CPU
		{FEECA9B9-980E-470F-81BA-C56ABD8D520E}.Debug|x64.ActiveCfg = Debug|Any CPU
		{FEECA9B9-980E-470F-81BA-C56ABD8D520E}.Debug|x86.ActiveCfg = Debug|Any CPU
		{FEECA9B9-980E-470F-81BA-C56ABD8D520E}.Release|Any CPU.ActiveCfg = Release|Any CPU
		{FEECA9B9-980E-470F-81BA-C56ABD8D520E}.Release|Any CPU.Build.0 = Release|Any CPU
		{FEECA9B9-980E-470F-81BA-C56ABD8D520E}.Release|ARM.ActiveCfg = Release|Any CPU
		{FEECA9B9-980E-470F-81BA-C56ABD8D520E}.Release|x64.ActiveCfg = Release|Any CPU
		{FEECA9B9-980E-470F-81BA-C56ABD8D520E}.Release|x86.ActiveCfg = Release|Any CPU
		{023CCD73-35A5-44C2-8435-0CC1F34E81F5}.Debug|Any CPU.ActiveCfg = Debug|Any CPU
		{023CCD73-35A5-44C2-8435-0CC1F34E81F5}.Debug|Any CPU.Build.0 = Debug|Any CPU
		{023CCD73-35A5-44C2-8435-0CC1F34E81F5}.Debug|ARM.ActiveCfg = Debug|Any CPU
		{023CCD73-35A5-44C2-8435-0CC1F34E81F5}.Debug|x64.ActiveCfg = Debug|Any CPU
		{023CCD73-35A5-44C2-8435-0CC1F34E81F5}.Debug|x86.ActiveCfg = Debug|Any CPU
		{023CCD73-35A5-44C2-8435-0CC1F34E81F5}.Release|Any CPU.ActiveCfg = Release|Any CPU
		{023CCD73-35A5-44C2-8435-0CC1F34E81F5}.Release|Any CPU.Build.0 = Release|Any CPU
		{023CCD73-35A5-44C2-8435-0CC1F34E81F5}.Release|ARM.ActiveCfg = Release|Any CPU
		{023CCD73-35A5-44C2-8435-0CC1F34E81F5}.Release|x64.ActiveCfg = Release|Any CPU
		{023CCD73-35A5-44C2-8435-0CC1F34E81F5}.Release|x86.ActiveCfg = Release|Any CPU
		{0F05ED59-0037-4316-8137-9742C3D3C74A}.Debug|Any CPU.ActiveCfg = Debug|Any CPU
		{0F05ED59-0037-4316-8137-9742C3D3C74A}.Debug|Any CPU.Build.0 = Debug|Any CPU
		{0F05ED59-0037-4316-8137-9742C3D3C74A}.Debug|ARM.ActiveCfg = Debug|Any CPU
		{0F05ED59-0037-4316-8137-9742C3D3C74A}.Debug|x64.ActiveCfg = Debug|Any CPU
		{0F05ED59-0037-4316-8137-9742C3D3C74A}.Debug|x86.ActiveCfg = Debug|Any CPU
		{0F05ED59-0037-4316-8137-9742C3D3C74A}.Release|Any CPU.ActiveCfg = Release|Any CPU
		{0F05ED59-0037-4316-8137-9742C3D3C74A}.Release|Any CPU.Build.0 = Release|Any CPU
		{0F05ED59-0037-4316-8137-9742C3D3C74A}.Release|ARM.ActiveCfg = Release|Any CPU
		{0F05ED59-0037-4316-8137-9742C3D3C74A}.Release|x64.ActiveCfg = Release|Any CPU
		{0F05ED59-0037-4316-8137-9742C3D3C74A}.Release|x86.ActiveCfg = Release|Any CPU
		{67908AD0-7889-4410-A577-37AA8C0A7814}.Debug|Any CPU.ActiveCfg = Debug|Any CPU
		{67908AD0-7889-4410-A577-37AA8C0A7814}.Debug|Any CPU.Build.0 = Debug|Any CPU
		{67908AD0-7889-4410-A577-37AA8C0A7814}.Debug|ARM.ActiveCfg = Debug|Any CPU
		{67908AD0-7889-4410-A577-37AA8C0A7814}.Debug|x64.ActiveCfg = Debug|Any CPU
		{67908AD0-7889-4410-A577-37AA8C0A7814}.Debug|x86.ActiveCfg = Debug|Any CPU
		{67908AD0-7889-4410-A577-37AA8C0A7814}.Release|Any CPU.ActiveCfg = Release|Any CPU
		{67908AD0-7889-4410-A577-37AA8C0A7814}.Release|Any CPU.Build.0 = Release|Any CPU
		{67908AD0-7889-4410-A577-37AA8C0A7814}.Release|ARM.ActiveCfg = Release|Any CPU
		{67908AD0-7889-4410-A577-37AA8C0A7814}.Release|x64.ActiveCfg = Release|Any CPU
		{67908AD0-7889-4410-A577-37AA8C0A7814}.Release|x86.ActiveCfg = Release|Any CPU
		{54482AFA-A025-4D06-8360-74BEC4A84584}.Debug|Any CPU.ActiveCfg = Debug|Any CPU
		{54482AFA-A025-4D06-8360-74BEC4A84584}.Debug|Any CPU.Build.0 = Debug|Any CPU
		{54482AFA-A025-4D06-8360-74BEC4A84584}.Debug|ARM.ActiveCfg = Debug|Any CPU
		{54482AFA-A025-4D06-8360-74BEC4A84584}.Debug|x64.ActiveCfg = Debug|Any CPU
		{54482AFA-A025-4D06-8360-74BEC4A84584}.Debug|x86.ActiveCfg = Debug|Any CPU
		{54482AFA-A025-4D06-8360-74BEC4A84584}.Release|Any CPU.ActiveCfg = Release|Any CPU
		{54482AFA-A025-4D06-8360-74BEC4A84584}.Release|Any CPU.Build.0 = Release|Any CPU
		{54482AFA-A025-4D06-8360-74BEC4A84584}.Release|ARM.ActiveCfg = Release|Any CPU
		{54482AFA-A025-4D06-8360-74BEC4A84584}.Release|x64.ActiveCfg = Release|Any CPU
		{54482AFA-A025-4D06-8360-74BEC4A84584}.Release|x86.ActiveCfg = Release|Any CPU
	EndGlobalSection
	GlobalSection(SolutionProperties) = preSolution
		HideSolutionNode = FALSE
	EndGlobalSection
	GlobalSection(NestedProjects) = preSolution
		{908FFE7B-070B-41FC-8D3E-B0FEAE1AB972} = {DF9AE26E-416E-4AF6-B245-D2BC28BB3480}
		{4625AC10-022D-4362-9B69-4B17F3A1239C} = {DF9AE26E-416E-4AF6-B245-D2BC28BB3480}
		{5CC2002C-8D4A-47F3-847C-3C8EAF485C36} = {DF9AE26E-416E-4AF6-B245-D2BC28BB3480}
	EndGlobalSection
	GlobalSection(ExtensibilityGlobals) = postSolution
		SolutionGuid = {89E9844C-8D7E-4D6C-B272-15205A341241}
	EndGlobalSection
EndGlobal
